
Microsoft Visual Studio Solution File, Format Version 12.00
# Visual Studio Version 17
VisualStudioVersion = 17.12.35707.178
MinimumVisualStudioVersion = 10.0.40219.1
Project("{2150E333-8FDC-42A3-9474-1A3956D46DE8}") = "Services", "Services", "{C914ACF3-D5CF-4AEC-9B19-7DD0FA53F5E5}"
EndProject
Project("{2150E333-8FDC-42A3-9474-1A3956D46DE8}") = "Users", "Users", "{82CEAA8B-08A0-4D4B-A301-A2F263F53122}"
EndProject
Project("{FAE04EC0-301F-11D3-BF4B-00C04F79EFBC}") = "Users.Api", "Services\Users\Users.Api\Users.Api.csproj", "{C6F9A534-69B6-429E-97BC-B78FB569F4E6}"
EndProject
Project("{E53339B2-1760-4266-BCC7-CA923CBCF16C}") = "docker-compose", "docker-compose.dcproj", "{84835F70-A575-497C-9D40-D3D825366E82}"
EndProject
Project("{2150E333-8FDC-42A3-9474-1A3956D46DE8}") = "Authentication", "Authentication", "{CA3820A9-0CD9-4FCF-9328-B4A710B82E77}"
EndProject
Project("{FAE04EC0-301F-11D3-BF4B-00C04F79EFBC}") = "Authentication.Api", "Services\Authentication\Authentication.Api\Authentication.Api.csproj", "{04D9062F-BCC6-43B1-87C6-E856732DBC08}"
EndProject
Project("{2150E333-8FDC-42A3-9474-1A3956D46DE8}") = "Shared", "Shared", "{FC7AF3EC-5B59-4AF9-8127-7AE69376712C}"
EndProject
Project("{FAE04EC0-301F-11D3-BF4B-00C04F79EFBC}") = "Shared.Messaging", "Shared\Shared.Messaging\Shared.Messaging.csproj", "{21A58175-C641-4ABA-95F9-B2A6E433B809}"
EndProject
Project("{FAE04EC0-301F-11D3-BF4B-00C04F79EFBC}") = "Shared.Extensions", "Shared\Shared.Extensions\Shared.Extensions.csproj", "{39EA211B-B99F-4093-833B-CEAE425B003C}"
EndProject
Project("{FAE04EC0-301F-11D3-BF4B-00C04F79EFBC}") = "Shared.Result", "Shared\Shared.Result\Shared.Result.csproj", "{9C4EAA58-DED5-4218-8ED6-4A3516C98E91}"
EndProject
Project("{2150E333-8FDC-42A3-9474-1A3956D46DE8}") = "Tickets", "Tickets", "{7C9E0844-BE53-46EA-AF75-BA4219C2A9D1}"
EndProject
Project("{FAE04EC0-301F-11D3-BF4B-00C04F79EFBC}") = "Tickets.Api", "Services\Tickets\Tickets.Api\Tickets.Api.csproj", "{FF730A14-7958-4B90-8082-E72DDE42CD7A}"
EndProject
Project("{FAE04EC0-301F-11D3-BF4B-00C04F79EFBC}") = "Tickets.Application", "Services\Tickets\Tickets.Application\Tickets.Application.csproj", "{8FF95F62-B533-49C5-BC76-84B51AB0538E}"
EndProject
Project("{FAE04EC0-301F-11D3-BF4B-00C04F79EFBC}") = "Tickets.Domain", "Services\Tickets\Tickets.Domain\Tickets.Domain.csproj", "{EB99EFFD-4F3D-4C98-A5D8-6C1F336E4F76}"
EndProject
Project("{FAE04EC0-301F-11D3-BF4B-00C04F79EFBC}") = "Tickets.Infrastructure", "Services\Tickets\Tickets.Infrastructure\Tickets.Infrastructure.csproj", "{C85E0012-3B6B-431E-8261-93BEA5BFF850}"
EndProject
Project("{2150E333-8FDC-42A3-9474-1A3956D46DE8}") = "Orchestrator", "Orchestrator", "{1E9D5459-4799-4A7D-93D2-2EFE1C747B83}"
EndProject
Project("{FAE04EC0-301F-11D3-BF4B-00C04F79EFBC}") = "Orchestration.Api", "Services\Orchestration\Orchestration.Api\Orchestration.Api.csproj", "{3CA9FEFC-D1F5-4C4D-8E30-F01814D512A3}"
EndProject
Project("{2150E333-8FDC-42A3-9474-1A3956D46DE8}") = "Payments", "Payments", "{45948743-6FB0-43D0-AA2C-5EA4ED8D5E4D}"
EndProject
Project("{FAE04EC0-301F-11D3-BF4B-00C04F79EFBC}") = "Payments.Api", "Services\Payments\Payments.Api\Payments.Api.csproj", "{E9773269-2516-402B-9ABA-612B2584C1B7}"
EndProject
Global
	GlobalSection(SolutionConfigurationPlatforms) = preSolution
		Debug|Any CPU = Debug|Any CPU
		Release|Any CPU = Release|Any CPU
	EndGlobalSection
	GlobalSection(ProjectConfigurationPlatforms) = postSolution
		{C6F9A534-69B6-429E-97BC-B78FB569F4E6}.Debug|Any CPU.ActiveCfg = Debug|Any CPU
		{C6F9A534-69B6-429E-97BC-B78FB569F4E6}.Debug|Any CPU.Build.0 = Debug|Any CPU
		{C6F9A534-69B6-429E-97BC-B78FB569F4E6}.Release|Any CPU.ActiveCfg = Release|Any CPU
		{C6F9A534-69B6-429E-97BC-B78FB569F4E6}.Release|Any CPU.Build.0 = Release|Any CPU
		{84835F70-A575-497C-9D40-D3D825366E82}.Debug|Any CPU.ActiveCfg = Debug|Any CPU
		{84835F70-A575-497C-9D40-D3D825366E82}.Debug|Any CPU.Build.0 = Debug|Any CPU
		{84835F70-A575-497C-9D40-D3D825366E82}.Release|Any CPU.ActiveCfg = Release|Any CPU
		{84835F70-A575-497C-9D40-D3D825366E82}.Release|Any CPU.Build.0 = Release|Any CPU
		{04D9062F-BCC6-43B1-87C6-E856732DBC08}.Debug|Any CPU.ActiveCfg = Debug|Any CPU
		{04D9062F-BCC6-43B1-87C6-E856732DBC08}.Debug|Any CPU.Build.0 = Debug|Any CPU
		{04D9062F-BCC6-43B1-87C6-E856732DBC08}.Release|Any CPU.ActiveCfg = Release|Any CPU
		{04D9062F-BCC6-43B1-87C6-E856732DBC08}.Release|Any CPU.Build.0 = Release|Any CPU
		{21A58175-C641-4ABA-95F9-B2A6E433B809}.Debug|Any CPU.ActiveCfg = Debug|Any CPU
		{21A58175-C641-4ABA-95F9-B2A6E433B809}.Debug|Any CPU.Build.0 = Debug|Any CPU
		{21A58175-C641-4ABA-95F9-B2A6E433B809}.Release|Any CPU.ActiveCfg = Release|Any CPU
		{21A58175-C641-4ABA-95F9-B2A6E433B809}.Release|Any CPU.Build.0 = Release|Any CPU
		{39EA211B-B99F-4093-833B-CEAE425B003C}.Debug|Any CPU.ActiveCfg = Debug|Any CPU
		{39EA211B-B99F-4093-833B-CEAE425B003C}.Debug|Any CPU.Build.0 = Debug|Any CPU
		{39EA211B-B99F-4093-833B-CEAE425B003C}.Release|Any CPU.ActiveCfg = Release|Any CPU
		{39EA211B-B99F-4093-833B-CEAE425B003C}.Release|Any CPU.Build.0 = Release|Any CPU
		{9C4EAA58-DED5-4218-8ED6-4A3516C98E91}.Debug|Any CPU.ActiveCfg = Debug|Any CPU
		{9C4EAA58-DED5-4218-8ED6-4A3516C98E91}.Debug|Any CPU.Build.0 = Debug|Any CPU
		{9C4EAA58-DED5-4218-8ED6-4A3516C98E91}.Release|Any CPU.ActiveCfg = Release|Any CPU
		{9C4EAA58-DED5-4218-8ED6-4A3516C98E91}.Release|Any CPU.Build.0 = Release|Any CPU
		{FF730A14-7958-4B90-8082-E72DDE42CD7A}.Debug|Any CPU.ActiveCfg = Debug|Any CPU
		{FF730A14-7958-4B90-8082-E72DDE42CD7A}.Debug|Any CPU.Build.0 = Debug|Any CPU
		{FF730A14-7958-4B90-8082-E72DDE42CD7A}.Release|Any CPU.ActiveCfg = Release|Any CPU
		{FF730A14-7958-4B90-8082-E72DDE42CD7A}.Release|Any CPU.Build.0 = Release|Any CPU
		{8FF95F62-B533-49C5-BC76-84B51AB0538E}.Debug|Any CPU.ActiveCfg = Debug|Any CPU
		{8FF95F62-B533-49C5-BC76-84B51AB0538E}.Debug|Any CPU.Build.0 = Debug|Any CPU
		{8FF95F62-B533-49C5-BC76-84B51AB0538E}.Release|Any CPU.ActiveCfg = Release|Any CPU
		{8FF95F62-B533-49C5-BC76-84B51AB0538E}.Release|Any CPU.Build.0 = Release|Any CPU
		{EB99EFFD-4F3D-4C98-A5D8-6C1F336E4F76}.Debug|Any CPU.ActiveCfg = Debug|Any CPU
		{EB99EFFD-4F3D-4C98-A5D8-6C1F336E4F76}.Debug|Any CPU.Build.0 = Debug|Any CPU
		{EB99EFFD-4F3D-4C98-A5D8-6C1F336E4F76}.Release|Any CPU.ActiveCfg = Release|Any CPU
		{EB99EFFD-4F3D-4C98-A5D8-6C1F336E4F76}.Release|Any CPU.Build.0 = Release|Any CPU
		{C85E0012-3B6B-431E-8261-93BEA5BFF850}.Debug|Any CPU.ActiveCfg = Debug|Any CPU
		{C85E0012-3B6B-431E-8261-93BEA5BFF850}.Debug|Any CPU.Build.0 = Debug|Any CPU
		{C85E0012-3B6B-431E-8261-93BEA5BFF850}.Release|Any CPU.ActiveCfg = Release|Any CPU
		{C85E0012-3B6B-431E-8261-93BEA5BFF850}.Release|Any CPU.Build.0 = Release|Any CPU
		{3CA9FEFC-D1F5-4C4D-8E30-F01814D512A3}.Debug|Any CPU.ActiveCfg = Debug|Any CPU
		{3CA9FEFC-D1F5-4C4D-8E30-F01814D512A3}.Debug|Any CPU.Build.0 = Debug|Any CPU
		{3CA9FEFC-D1F5-4C4D-8E30-F01814D512A3}.Release|Any CPU.ActiveCfg = Release|Any CPU
		{3CA9FEFC-D1F5-4C4D-8E30-F01814D512A3}.Release|Any CPU.Build.0 = Release|Any CPU
		{E9773269-2516-402B-9ABA-612B2584C1B7}.Debug|Any CPU.ActiveCfg = Debug|Any CPU
		{E9773269-2516-402B-9ABA-612B2584C1B7}.Debug|Any CPU.Build.0 = Debug|Any CPU
		{E9773269-2516-402B-9ABA-612B2584C1B7}.Release|Any CPU.ActiveCfg = Release|Any CPU
		{E9773269-2516-402B-9ABA-612B2584C1B7}.Release|Any CPU.Build.0 = Release|Any CPU
	EndGlobalSection
	GlobalSection(SolutionProperties) = preSolution
		HideSolutionNode = FALSE
	EndGlobalSection
	GlobalSection(NestedProjects) = preSolution
		{82CEAA8B-08A0-4D4B-A301-A2F263F53122} = {C914ACF3-D5CF-4AEC-9B19-7DD0FA53F5E5}
		{C6F9A534-69B6-429E-97BC-B78FB569F4E6} = {82CEAA8B-08A0-4D4B-A301-A2F263F53122}
		{CA3820A9-0CD9-4FCF-9328-B4A710B82E77} = {C914ACF3-D5CF-4AEC-9B19-7DD0FA53F5E5}
		{04D9062F-BCC6-43B1-87C6-E856732DBC08} = {CA3820A9-0CD9-4FCF-9328-B4A710B82E77}
		{21A58175-C641-4ABA-95F9-B2A6E433B809} = {FC7AF3EC-5B59-4AF9-8127-7AE69376712C}
		{39EA211B-B99F-4093-833B-CEAE425B003C} = {FC7AF3EC-5B59-4AF9-8127-7AE69376712C}
		{9C4EAA58-DED5-4218-8ED6-4A3516C98E91} = {FC7AF3EC-5B59-4AF9-8127-7AE69376712C}
		{7C9E0844-BE53-46EA-AF75-BA4219C2A9D1} = {C914ACF3-D5CF-4AEC-9B19-7DD0FA53F5E5}
		{FF730A14-7958-4B90-8082-E72DDE42CD7A} = {7C9E0844-BE53-46EA-AF75-BA4219C2A9D1}
		{8FF95F62-B533-49C5-BC76-84B51AB0538E} = {7C9E0844-BE53-46EA-AF75-BA4219C2A9D1}
		{EB99EFFD-4F3D-4C98-A5D8-6C1F336E4F76} = {7C9E0844-BE53-46EA-AF75-BA4219C2A9D1}
		{C85E0012-3B6B-431E-8261-93BEA5BFF850} = {7C9E0844-BE53-46EA-AF75-BA4219C2A9D1}
		{1E9D5459-4799-4A7D-93D2-2EFE1C747B83} = {C914ACF3-D5CF-4AEC-9B19-7DD0FA53F5E5}
		{3CA9FEFC-D1F5-4C4D-8E30-F01814D512A3} = {1E9D5459-4799-4A7D-93D2-2EFE1C747B83}
		{45948743-6FB0-43D0-AA2C-5EA4ED8D5E4D} = {C914ACF3-D5CF-4AEC-9B19-7DD0FA53F5E5}
		{E9773269-2516-402B-9ABA-612B2584C1B7} = {45948743-6FB0-43D0-AA2C-5EA4ED8D5E4D}
	EndGlobalSection
EndGlobal
